
Microsoft Visual Studio Solution File, Format Version 12.00
# Visual Studio Version 17
VisualStudioVersion = 17.8.34330.188
MinimumVisualStudioVersion = 10.0.40219.1
Project("{FAE04EC0-301F-11D3-BF4B-00C04F79EFBC}") = "Competitions", "Competitions.csproj", "{F8D8F7E3-A0AF-4463-843B-568E29E01AC4}"
EndProject
Global
	GlobalSection(SolutionConfigurationPlatforms) = preSolution
		Debug|Any CPU = Debug|Any CPU
		Release|Any CPU = Release|Any CPU
	EndGlobalSection
	GlobalSection(ProjectConfigurationPlatforms) = postSolution
		{F8D8F7E3-A0AF-4463-843B-568E29E01AC4}.Debug|Any CPU.ActiveCfg = Debug|Any CPU
		{F8D8F7E3-A0AF-4463-843B-568E29E01AC4}.Debug|Any CPU.Build.0 = Debug|Any CPU
		{F8D8F7E3-A0AF-4463-843B-568E29E01AC4}.Release|Any CPU.ActiveCfg = Release|Any CPU
		{F8D8F7E3-A0AF-4463-843B-568E29E01AC4}.Release|Any CPU.Build.0 = Release|Any CPU
	EndGlobalSection
	GlobalSection(SolutionProperties) = preSolution
		HideSolutionNode = FALSE
	EndGlobalSection
	GlobalSection(ExtensibilityGlobals) = postSolution
		SolutionGuid = {38F37D51-EB04-403F-B9D7-CDE65560D0C6}
	EndGlobalSection
EndGlobal
